
Microsoft Visual Studio Solution File, Format Version 12.00
# Visual Studio Version 17
VisualStudioVersion = 17.9.34728.123
MinimumVisualStudioVersion = 10.0.40219.1
Project("{FAE04EC0-301F-11D3-BF4B-00C04F79EFBC}") = "AppGestionResto", "AppGestionResto.csproj", "{B5CFE943-70BA-43DB-84F7-07B377D41740}"
EndProject
Project("{FAE04EC0-301F-11D3-BF4B-00C04F79EFBC}") = "Dominio", "..\Dominio\Dominio.csproj", "{9591A576-B149-4439-8718-D63490C6E7CC}"
EndProject
Project("{FAE04EC0-301F-11D3-BF4B-00C04F79EFBC}") = "Manager", "..\Manager\Manager.csproj", "{8F412F60-D94E-48C6-B86E-4A3A91D71576}"
EndProject
Global
	GlobalSection(SolutionConfigurationPlatforms) = preSolution
		Debug|Any CPU = Debug|Any CPU
		Release|Any CPU = Release|Any CPU
	EndGlobalSection
	GlobalSection(ProjectConfigurationPlatforms) = postSolution
		{B5CFE943-70BA-43DB-84F7-07B377D41740}.Debug|Any CPU.ActiveCfg = Debug|Any CPU
		{B5CFE943-70BA-43DB-84F7-07B377D41740}.Debug|Any CPU.Build.0 = Debug|Any CPU
		{B5CFE943-70BA-43DB-84F7-07B377D41740}.Release|Any CPU.ActiveCfg = Release|Any CPU
		{B5CFE943-70BA-43DB-84F7-07B377D41740}.Release|Any CPU.Build.0 = Release|Any CPU
		{9591A576-B149-4439-8718-D63490C6E7CC}.Debug|Any CPU.ActiveCfg = Debug|Any CPU
		{9591A576-B149-4439-8718-D63490C6E7CC}.Debug|Any CPU.Build.0 = Debug|Any CPU
		{9591A576-B149-4439-8718-D63490C6E7CC}.Release|Any CPU.ActiveCfg = Release|Any CPU
		{9591A576-B149-4439-8718-D63490C6E7CC}.Release|Any CPU.Build.0 = Release|Any CPU
		{8F412F60-D94E-48C6-B86E-4A3A91D71576}.Debug|Any CPU.ActiveCfg = Debug|Any CPU
		{8F412F60-D94E-48C6-B86E-4A3A91D71576}.Debug|Any CPU.Build.0 = Debug|Any CPU
		{8F412F60-D94E-48C6-B86E-4A3A91D71576}.Release|Any CPU.ActiveCfg = Release|Any CPU
		{8F412F60-D94E-48C6-B86E-4A3A91D71576}.Release|Any CPU.Build.0 = Release|Any CPU
	EndGlobalSection
	GlobalSection(SolutionProperties) = preSolution
		HideSolutionNode = FALSE
	EndGlobalSection
	GlobalSection(ExtensibilityGlobals) = postSolution
		SolutionGuid = {9F27803E-1224-4C55-836D-D04E1183BCFA}
	EndGlobalSection
EndGlobal
